%{
  "amqp": {:hex, :amqp, "3.1.0", "a85742ff88370bae23a62bf0bb2e71353bd9c7c94753057e5f23f7929c200552", [:mix], [{:amqp_client, "~> 3.9.1", [hex: :amqp_client, repo: "hexpm", optional: false]}], "hexpm", "f1b3653c6bba61f0d2fc79d6f214829ef35b2dbc58b5791a303b514b9d906945"},
  "amqp_client": {:hex, :amqp_client, "3.9.11", "4ebe8040be3ee195e42bb483d37cd64faf3c306201dc22a3f5cce2a91a9e562e", [:make, :rebar3], [{:rabbit_common, "3.9.11", [hex: :rabbit_common, repo: "hexpm", optional: false]}], "hexpm", "cdd74bc8e9d5e8610975009dcae1293bdf7198ee6d8315a1ffb5055467010520"},
  "credentials_obfuscation": {:hex, :credentials_obfuscation, "2.4.0", "9fb57683b84899ca3546b384e59ab5d3054a9f334eba50d74c82cd0ae82dd6ca", [:rebar3], [], "hexpm", "d28a89830e30698b075de9a4dbe683a20685c6bed1e3b7df744a0c06e6ff200a"},
  "jason": {:hex, :jason, "1.3.0", "fa6b82a934feb176263ad2df0dbd91bf633d4a46ebfdffea0c8ae82953714946", [:mix], [{:decimal, "~> 1.0 or ~> 2.0", [hex: :decimal, repo: "hexpm", optional: true]}], "hexpm", "53fc1f51255390e0ec7e50f9cb41e751c260d065dcba2bf0d08dc51a4002c2ac"},
  "jsx": {:hex, :jsx, "3.1.0", "d12516baa0bb23a59bb35dccaf02a1bd08243fcbb9efe24f2d9d056ccff71268", [:rebar3], [], "hexpm", "0c5cc8fdc11b53cc25cf65ac6705ad39e54ecc56d1c22e4adb8f5a53fb9427f3"},
  "murmur": {:hex, :murmur, "1.0.3", "ade5e9cdb86300645abf72abbe064a87bc943678df2567986d720a70c8f48214", [:mix], [], "hexpm", "02b4dda9327ac6650cc9a8d007ec5244b609397b9110c5ad8549224eef9afc60"},
  "rabbit_common": {:hex, :rabbit_common, "3.9.11", "25df900b1aec7357c90253cc4528b43c5ff064f27c8c627707b747ae986ebf77", [:make, :rebar3], [{:credentials_obfuscation, "2.4.0", [hex: :credentials_obfuscation, repo: "hexpm", optional: false]}, {:jsx, "3.1.0", [hex: :jsx, repo: "hexpm", optional: false]}, {:recon, "2.5.1", [hex: :recon, repo: "hexpm", optional: false]}], "hexpm", "1bcac63760a0bf0e55d7d3c2ff36ed2310e0b560bd110a5a2d602d76d9c08e1a"},
  "recon": {:hex, :recon, "2.5.1", "430ffa60685ac1efdfb1fe4c97b8767c92d0d92e6e7c3e8621559ba77598678a", [:mix, :rebar3], [], "hexpm", "5721c6b6d50122d8f68cccac712caa1231f97894bab779eff5ff0f886cb44648"},
  "uuid": {:hex, :uuid, "1.1.8", "e22fc04499de0de3ed1116b770c7737779f226ceefa0badb3592e64d5cfb4eb9", [:mix], [], "hexpm", "c790593b4c3b601f5dc2378baae7efaf5b3d73c4c6456ba85759905be792f2ac"},
}
